
Microsoft Visual Studio Solution File, Format Version 12.00
# Visual Studio 14
VisualStudioVersion = 14.0.23107.0
MinimumVisualStudioVersion = 10.0.40219.1
Project("{FAE04EC0-301F-11D3-BF4B-00C04F79EFBC}") = "SEViz.Integration", "SEViz.Integration\SEViz.Integration.csproj", "{844869E6-FEB1-402B-B995-A9A53B425DE3}"
EndProject
Project("{FAE04EC0-301F-11D3-BF4B-00C04F79EFBC}") = "GraphSharp", "Graph#\GraphSharp.csproj", "{9C59C516-FCA0-4FCF-AE11-E20F0F1B1949}"
EndProject
Project("{FAE04EC0-301F-11D3-BF4B-00C04F79EFBC}") = "GraphSharp.Controls", "Graph#.Controls\GraphSharp.Controls.csproj", "{90D874F2-486E-477E-93A9-FFA6FC92A2F4}"
EndProject
Global
	GlobalSection(SolutionConfigurationPlatforms) = preSolution
		Debug|Any CPU = Debug|Any CPU
		DebugWithoutPlugins|Any CPU = DebugWithoutPlugins|Any CPU
		Release|Any CPU = Release|Any CPU
	EndGlobalSection
	GlobalSection(ProjectConfigurationPlatforms) = postSolution
		{844869E6-FEB1-402B-B995-A9A53B425DE3}.Debug|Any CPU.ActiveCfg = Debug|Any CPU
		{844869E6-FEB1-402B-B995-A9A53B425DE3}.Debug|Any CPU.Build.0 = Debug|Any CPU
		{844869E6-FEB1-402B-B995-A9A53B425DE3}.DebugWithoutPlugins|Any CPU.ActiveCfg = Debug|Any CPU
		{844869E6-FEB1-402B-B995-A9A53B425DE3}.DebugWithoutPlugins|Any CPU.Build.0 = Debug|Any CPU
		{844869E6-FEB1-402B-B995-A9A53B425DE3}.Release|Any CPU.ActiveCfg = Release|Any CPU
		{844869E6-FEB1-402B-B995-A9A53B425DE3}.Release|Any CPU.Build.0 = Release|Any CPU
		{9C59C516-FCA0-4FCF-AE11-E20F0F1B1949}.Debug|Any CPU.ActiveCfg = Debug|Any CPU
		{9C59C516-FCA0-4FCF-AE11-E20F0F1B1949}.Debug|Any CPU.Build.0 = Debug|Any CPU
		{9C59C516-FCA0-4FCF-AE11-E20F0F1B1949}.DebugWithoutPlugins|Any CPU.ActiveCfg = DebugWithoutPlugins|Any CPU
		{9C59C516-FCA0-4FCF-AE11-E20F0F1B1949}.DebugWithoutPlugins|Any CPU.Build.0 = DebugWithoutPlugins|Any CPU
		{9C59C516-FCA0-4FCF-AE11-E20F0F1B1949}.Release|Any CPU.ActiveCfg = Release|Any CPU
		{9C59C516-FCA0-4FCF-AE11-E20F0F1B1949}.Release|Any CPU.Build.0 = Release|Any CPU
		{90D874F2-486E-477E-93A9-FFA6FC92A2F4}.Debug|Any CPU.ActiveCfg = Debug|Any CPU
		{90D874F2-486E-477E-93A9-FFA6FC92A2F4}.Debug|Any CPU.Build.0 = Debug|Any CPU
		{90D874F2-486E-477E-93A9-FFA6FC92A2F4}.DebugWithoutPlugins|Any CPU.ActiveCfg = DebugWithoutPlugins|Any CPU
		{90D874F2-486E-477E-93A9-FFA6FC92A2F4}.DebugWithoutPlugins|Any CPU.Build.0 = DebugWithoutPlugins|Any CPU
		{90D874F2-486E-477E-93A9-FFA6FC92A2F4}.Release|Any CPU.ActiveCfg = Release|Any CPU
		{90D874F2-486E-477E-93A9-FFA6FC92A2F4}.Release|Any CPU.Build.0 = Release|Any CPU
	EndGlobalSection
	GlobalSection(SolutionProperties) = preSolution
		HideSolutionNode = FALSE
	EndGlobalSection
EndGlobal
