
Microsoft Visual Studio Solution File, Format Version 12.00
# Visual Studio 14
VisualStudioVersion = 14.0.22310.1
MinimumVisualStudioVersion = 10.0.40219.1
Project("{FAE04EC0-301F-11D3-BF4B-00C04F79EFBC}") = "SEViz.Demos", "SEViz.Demos\SEViz.Demos.csproj", "{2381432B-FFC3-437C-B846-F76ACEB02EAE}"
EndProject
Project("{FAE04EC0-301F-11D3-BF4B-00C04F79EFBC}") = "SEViz.Demos.Tests", "SEViz.Demos.Tests\SEViz.Demos.Tests.csproj", "{B323B764-F762-442B-AB41-B6C79AF4B995}"
EndProject
Global
	GlobalSection(SolutionConfigurationPlatforms) = preSolution
		Debug|Any CPU = Debug|Any CPU
		Release|Any CPU = Release|Any CPU
	EndGlobalSection
	GlobalSection(ProjectConfigurationPlatforms) = postSolution
		{2381432B-FFC3-437C-B846-F76ACEB02EAE}.Debug|Any CPU.ActiveCfg = Debug|Any CPU
		{2381432B-FFC3-437C-B846-F76ACEB02EAE}.Debug|Any CPU.Build.0 = Debug|Any CPU
		{2381432B-FFC3-437C-B846-F76ACEB02EAE}.Release|Any CPU.ActiveCfg = Release|Any CPU
		{2381432B-FFC3-437C-B846-F76ACEB02EAE}.Release|Any CPU.Build.0 = Release|Any CPU
		{B323B764-F762-442B-AB41-B6C79AF4B995}.Debug|Any CPU.ActiveCfg = Debug|Any CPU
		{B323B764-F762-442B-AB41-B6C79AF4B995}.Debug|Any CPU.Build.0 = Debug|Any CPU
		{B323B764-F762-442B-AB41-B6C79AF4B995}.Release|Any CPU.ActiveCfg = Release|Any CPU
		{B323B764-F762-442B-AB41-B6C79AF4B995}.Release|Any CPU.Build.0 = Release|Any CPU
	EndGlobalSection
	GlobalSection(SolutionProperties) = preSolution
		HideSolutionNode = FALSE
	EndGlobalSection
EndGlobal
